// !$*UTF8*$!
{
	archiveVersion = 1;
	classes = {
	};
	objectVersion = 56;
	objects = {

/* Begin PBXBuildFile section */
		100000000000000000000001 /* AppDelegate.swift in Sources */ = {isa = PBXBuildFile; fileRef = 100000000000000000000101 /* AppDelegate.swift */; };
		100000000000000000000002 /* SceneDelegate.swift in Sources */ = {isa = PBXBuildFile; fileRef = 100000000000000000000102 /* SceneDelegate.swift */; };
		100000000000000000000003 /* DocumentTypes.swift in Sources */ = {isa = PBXBuildFile; fileRef = 100000000000000000000103 /* DocumentTypes.swift */; };
		100000000000000000000004 /* DocumentBrowserViewController.swift in Sources */ = {isa = PBXBuildFile; fileRef = 100000000000000000000104 /* DocumentBrowserViewController.swift */; };
		100000000000000000000005 /* DocumentViewController.swift in Sources */ = {isa = PBXBuildFile; fileRef = 100000000000000000000105 /* DocumentViewController.swift */; };
		100000000000000000000006 /* ViewerSchemeHandler.swift in Sources */ = {isa = PBXBuildFile; fileRef = 100000000000000000000106 /* ViewerSchemeHandler.swift */; };
		100000000000000000000007 /* Assets.xcassets in Resources */ = {isa = PBXBuildFile; fileRef = 100000000000000000000108 /* Assets.xcassets */; };
		100000000000000000000008 /* ViewerBundle in Resources */ = {isa = PBXBuildFile; fileRef = 100000000000000000000109 /* ViewerBundle */; };
		100000000000000000000009 /* ThirdPartyNotices.txt in Resources */ = {isa = PBXBuildFile; fileRef = 100000000000000000000111 /* ThirdPartyNotices.txt */; };
		10000000000000000000000A /* LaunchScreen.storyboard in Resources */ = {isa = PBXBuildFile; fileRef = 100000000000000000000112 /* LaunchScreen.storyboard */; };
		10000000000000000000000B /* DocumentListViewController.swift in Sources */ = {isa = PBXBuildFile; fileRef = 100000000000000000000113 /* DocumentListViewController.swift */; };
		200000000000000000000001 /* PreviewViewController.swift in Sources */ = {isa = PBXBuildFile; fileRef = 200000000000000000000101 /* PreviewViewController.swift */; };
		200000000000000000000002 /* ViewerSchemeHandler.swift in Sources */ = {isa = PBXBuildFile; fileRef = 100000000000000000000106 /* ViewerSchemeHandler.swift */; };
		200000000000000000000003 /* ViewerBundle in Resources */ = {isa = PBXBuildFile; fileRef = 100000000000000000000109 /* ViewerBundle */; };
		200000000000000000000004 /* HoplyQuickLook.appex in Embed App Extensions */ = {isa = PBXBuildFile; fileRef = 200000000000000000000103 /* HoplyQuickLook.appex */; settings = {ATTRIBUTES = (CodeSignOnCopy, RemoveHeadersOnCopy, ); }; };
		200000000000000000000005 /* PreviewProvider.swift in Sources */ = {isa = PBXBuildFile; fileRef = 200000000000000000000104 /* PreviewProvider.swift */; };
/* End PBXBuildFile section */

/* Begin PBXContainerItemProxy section */
		200000000000000000000601 /* PBXContainerItemProxy */ = {
			isa = PBXContainerItemProxy;
			containerPortal = 100000000000000000000601 /* Project object */;
			proxyType = 1;
			remoteGlobalIDString = 200000000000000000000401;
			remoteInfo = HoplyQuickLook;
		};
/* End PBXContainerItemProxy section */

/* Begin PBXCopyFilesBuildPhase section */
		200000000000000000000504 /* Embed App Extensions */ = {
			isa = PBXCopyFilesBuildPhase;
			buildActionMask = 2147483647;
			dstPath = "";
			dstSubfolderSpec = 13;
			files = (
				200000000000000000000004 /* HoplyQuickLook.appex in Embed App Extensions */,
			);
			name = "Embed App Extensions";
			runOnlyForDeploymentPostprocessing = 0;
		};
/* End PBXCopyFilesBuildPhase section */

/* Begin PBXFileReference section */
		100000000000000000000101 /* AppDelegate.swift */ = {isa = PBXFileReference; lastKnownFileType = sourcecode.swift; path = AppDelegate.swift; sourceTree = "<group>"; };
		100000000000000000000102 /* SceneDelegate.swift */ = {isa = PBXFileReference; lastKnownFileType = sourcecode.swift; path = SceneDelegate.swift; sourceTree = "<group>"; };
		100000000000000000000103 /* DocumentTypes.swift */ = {isa = PBXFileReference; lastKnownFileType = sourcecode.swift; path = DocumentTypes.swift; sourceTree = "<group>"; };
		100000000000000000000104 /* DocumentBrowserViewController.swift */ = {isa = PBXFileReference; lastKnownFileType = sourcecode.swift; path = DocumentBrowserViewController.swift; sourceTree = "<group>"; };
		100000000000000000000105 /* DocumentViewController.swift */ = {isa = PBXFileReference; lastKnownFileType = sourcecode.swift; path = DocumentViewController.swift; sourceTree = "<group>"; };
		100000000000000000000106 /* ViewerSchemeHandler.swift */ = {isa = PBXFileReference; lastKnownFileType = sourcecode.swift; path = ViewerSchemeHandler.swift; sourceTree = "<group>"; };
		100000000000000000000107 /* Info.plist */ = {isa = PBXFileReference; lastKnownFileType = text.plist.xml; path = Info.plist; sourceTree = "<group>"; };
		100000000000000000000108 /* Assets.xcassets */ = {isa = PBXFileReference; lastKnownFileType = folder.assetcatalog; path = Assets.xcassets; sourceTree = "<group>"; };
		100000000000000000000109 /* ViewerBundle */ = {isa = PBXFileReference; lastKnownFileType = folder; name = ViewerBundle; path = ../AppResources/ViewerBundle; sourceTree = "<group>"; };
		100000000000000000000110 /* Hoply.app */ = {isa = PBXFileReference; explicitFileType = wrapper.application; includeInIndex = 0; path = Hoply.app; sourceTree = BUILT_PRODUCTS_DIR; };
		100000000000000000000111 /* ThirdPartyNotices.txt */ = {isa = PBXFileReference; lastKnownFileType = text; path = ThirdPartyNotices.txt; sourceTree = "<group>"; };
		100000000000000000000112 /* LaunchScreen.storyboard */ = {isa = PBXFileReference; lastKnownFileType = file.storyboard; path = LaunchScreen.storyboard; sourceTree = "<group>"; };
		100000000000000000000113 /* DocumentListViewController.swift */ = {isa = PBXFileReference; lastKnownFileType = sourcecode.swift; path = DocumentListViewController.swift; sourceTree = "<group>"; };
		200000000000000000000101 /* PreviewViewController.swift */ = {isa = PBXFileReference; lastKnownFileType = sourcecode.swift; path = PreviewViewController.swift; sourceTree = "<group>"; };
		200000000000000000000102 /* Info.plist */ = {isa = PBXFileReference; lastKnownFileType = text.plist.xml; path = Info.plist; sourceTree = "<group>"; };
		200000000000000000000103 /* HoplyQuickLook.appex */ = {isa = PBXFileReference; explicitFileType = "wrapper.app-extension"; includeInIndex = 0; path = HoplyQuickLook.appex; sourceTree = BUILT_PRODUCTS_DIR; };
		200000000000000000000104 /* PreviewProvider.swift */ = {isa = PBXFileReference; lastKnownFileType = sourcecode.swift; path = PreviewProvider.swift; sourceTree = "<group>"; };
/* End PBXFileReference section */

/* Begin PBXFrameworksBuildPhase section */
		100000000000000000000201 /* Frameworks */ = {
			isa = PBXFrameworksBuildPhase;
			buildActionMask = 2147483647;
			files = (
			);
			runOnlyForDeploymentPostprocessing = 0;
		};
		200000000000000000000502 /* Frameworks */ = {
			isa = PBXFrameworksBuildPhase;
			buildActionMask = 2147483647;
			files = (
			);
			runOnlyForDeploymentPostprocessing = 0;
		};
/* End PBXFrameworksBuildPhase section */

/* Begin PBXGroup section */
		100000000000000000000301 = {
			isa = PBXGroup;
			children = (
				100000000000000000000302 /* Hoply */,
				200000000000000000000301 /* HoplyQuickLook */,
				100000000000000000000303 /* Resources */,
				100000000000000000000304 /* Products */,
			);
			sourceTree = "<group>";
		};
		100000000000000000000302 /* Hoply */ = {
			isa = PBXGroup;
			children = (
				100000000000000000000101 /* AppDelegate.swift */,
				100000000000000000000102 /* SceneDelegate.swift */,
				100000000000000000000103 /* DocumentTypes.swift */,
				100000000000000000000113 /* DocumentListViewController.swift */,
				100000000000000000000104 /* DocumentBrowserViewController.swift */,
				100000000000000000000105 /* DocumentViewController.swift */,
				100000000000000000000106 /* ViewerSchemeHandler.swift */,
				100000000000000000000107 /* Info.plist */,
				100000000000000000000112 /* LaunchScreen.storyboard */,
				100000000000000000000111 /* ThirdPartyNotices.txt */,
				100000000000000000000108 /* Assets.xcassets */,
			);
			path = Hoply;
			sourceTree = "<group>";
		};
		100000000000000000000303 /* Resources */ = {
			isa = PBXGroup;
			children = (
				100000000000000000000109 /* ViewerBundle */,
			);
			name = Resources;
			sourceTree = "<group>";
		};
		100000000000000000000304 /* Products */ = {
			isa = PBXGroup;
			children = (
				100000000000000000000110 /* Hoply.app */,
				200000000000000000000103 /* HoplyQuickLook.appex */,
			);
			name = Products;
			sourceTree = "<group>";
		};
		200000000000000000000301 /* HoplyQuickLook */ = {
			isa = PBXGroup;
			children = (
				200000000000000000000104 /* PreviewProvider.swift */,
				200000000000000000000101 /* PreviewViewController.swift */,
				200000000000000000000102 /* Info.plist */,
			);
			path = HoplyQuickLook;
			sourceTree = "<group>";
		};
/* End PBXGroup section */

/* Begin PBXNativeTarget section */
		100000000000000000000401 /* Hoply */ = {
			isa = PBXNativeTarget;
			buildConfigurationList = 100000000000000000000701 /* Build configuration list for PBXNativeTarget "Hoply" */;
			buildPhases = (
				100000000000000000000501 /* Sources */,
				100000000000000000000201 /* Frameworks */,
				100000000000000000000502 /* Resources */,
				200000000000000000000504 /* Embed App Extensions */,
			);
			buildRules = (
			);
			dependencies = (
				200000000000000000000602 /* PBXTargetDependency */,
			);
			name = Hoply;
			productName = Hoply;
			productReference = 100000000000000000000110 /* Hoply.app */;
			productType = "com.apple.product-type.application";
		};
		200000000000000000000401 /* HoplyQuickLook */ = {
			isa = PBXNativeTarget;
			buildConfigurationList = 200000000000000000000701 /* Build configuration list for PBXNativeTarget "HoplyQuickLook" */;
			buildPhases = (
				200000000000000000000501 /* Sources */,
				200000000000000000000502 /* Frameworks */,
				200000000000000000000503 /* Resources */,
			);
			buildRules = (
			);
			dependencies = (
			);
			name = HoplyQuickLook;
			productName = HoplyQuickLook;
			productReference = 200000000000000000000103 /* HoplyQuickLook.appex */;
			productType = "com.apple.product-type.app-extension";
		};
/* End PBXNativeTarget section */

/* Begin PBXProject section */
		100000000000000000000601 /* Project object */ = {
			isa = PBXProject;
			attributes = {
				BuildIndependentTargetsInParallel = 1;
				LastSwiftUpdateCheck = 2650;
				LastUpgradeCheck = 2650;
				TargetAttributes = {
					100000000000000000000401 = {
						CreatedOnToolsVersion = 26.5;
						ProvisioningStyle = Automatic;
					};
					200000000000000000000401 = {
						CreatedOnToolsVersion = 26.5;
						ProvisioningStyle = Automatic;
					};
				};
			};
			buildConfigurationList = 100000000000000000000700 /* Build configuration list for PBXProject "Hoply" */;
			compatibilityVersion = "Xcode 14.0";
			developmentRegion = en;
			hasScannedForEncodings = 0;
			knownRegions = (
				en,
				Base,
			);
			mainGroup = 100000000000000000000301;
			productRefGroup = 100000000000000000000304 /* Products */;
			projectDirPath = "";
			projectRoot = "";
			targets = (
				100000000000000000000401 /* Hoply */,
				200000000000000000000401 /* HoplyQuickLook */,
			);
		};
/* End PBXProject section */

/* Begin PBXResourcesBuildPhase section */
		100000000000000000000502 /* Resources */ = {
			isa = PBXResourcesBuildPhase;
			buildActionMask = 2147483647;
			files = (
				100000000000000000000007 /* Assets.xcassets in Resources */,
				100000000000000000000008 /* ViewerBundle in Resources */,
				100000000000000000000009 /* ThirdPartyNotices.txt in Resources */,
				10000000000000000000000A /* LaunchScreen.storyboard in Resources */,
			);
			runOnlyForDeploymentPostprocessing = 0;
		};
		200000000000000000000503 /* Resources */ = {
			isa = PBXResourcesBuildPhase;
			buildActionMask = 2147483647;
			files = (
				200000000000000000000003 /* ViewerBundle in Resources */,
			);
			runOnlyForDeploymentPostprocessing = 0;
		};
/* End PBXResourcesBuildPhase section */

/* Begin PBXSourcesBuildPhase section */
		100000000000000000000501 /* Sources */ = {
			isa = PBXSourcesBuildPhase;
			buildActionMask = 2147483647;
			files = (
				100000000000000000000001 /* AppDelegate.swift in Sources */,
				100000000000000000000002 /* SceneDelegate.swift in Sources */,
				100000000000000000000003 /* DocumentTypes.swift in Sources */,
				10000000000000000000000B /* DocumentListViewController.swift in Sources */,
				100000000000000000000004 /* DocumentBrowserViewController.swift in Sources */,
				100000000000000000000005 /* DocumentViewController.swift in Sources */,
				100000000000000000000006 /* ViewerSchemeHandler.swift in Sources */,
			);
			runOnlyForDeploymentPostprocessing = 0;
		};
		200000000000000000000501 /* Sources */ = {
			isa = PBXSourcesBuildPhase;
			buildActionMask = 2147483647;
			files = (
				200000000000000000000005 /* PreviewProvider.swift in Sources */,
				200000000000000000000001 /* PreviewViewController.swift in Sources */,
				200000000000000000000002 /* ViewerSchemeHandler.swift in Sources */,
			);
			runOnlyForDeploymentPostprocessing = 0;
		};
/* End PBXSourcesBuildPhase section */

/* Begin PBXTargetDependency section */
		200000000000000000000602 /* PBXTargetDependency */ = {
			isa = PBXTargetDependency;
			target = 200000000000000000000401 /* HoplyQuickLook */;
			targetProxy = 200000000000000000000601 /* PBXContainerItemProxy */;
		};
/* End PBXTargetDependency section */

/* Begin XCBuildConfiguration section */
		100000000000000000000801 /* Debug */ = {
			isa = XCBuildConfiguration;
			buildSettings = {
				ALWAYS_SEARCH_USER_PATHS = NO;
				CLANG_ANALYZER_NONNULL = YES;
				CLANG_ANALYZER_NUMBER_OBJECT_CONVERSION = YES_AGGRESSIVE;
				CLANG_CXX_LANGUAGE_STANDARD = "gnu++20";
				CLANG_ENABLE_MODULES = YES;
				CLANG_ENABLE_OBJC_ARC = YES;
				CLANG_ENABLE_OBJC_WEAK = YES;
				CLANG_WARN_BLOCK_CAPTURE_AUTORELEASING = YES;
				CLANG_WARN_BOOL_CONVERSION = YES;
				CLANG_WARN_COMMA = YES;
				CLANG_WARN_CONSTANT_CONVERSION = YES;
				CLANG_WARN_DEPRECATED_OBJC_IMPLEMENTATIONS = YES;
				CLANG_WARN_DIRECT_OBJC_ISA_USAGE = YES_ERROR;
				CLANG_WARN_DOCUMENTATION_COMMENTS = YES;
				CLANG_WARN_EMPTY_BODY = YES;
				CLANG_WARN_ENUM_CONVERSION = YES;
				CLANG_WARN_INFINITE_RECURSION = YES;
				CLANG_WARN_INT_CONVERSION = YES;
				CLANG_WARN_NON_LITERAL_NULL_CONVERSION = YES;
				CLANG_WARN_OBJC_IMPLICIT_RETAIN_SELF = YES;
				CLANG_WARN_OBJC_LITERAL_CONVERSION = YES;
				CLANG_WARN_OBJC_ROOT_CLASS = YES_ERROR;
				CLANG_WARN_QUOTED_INCLUDE_IN_FRAMEWORK_HEADER = YES;
				CLANG_WARN_RANGE_LOOP_ANALYSIS = YES;
				CLANG_WARN_STRICT_PROTOTYPES = YES;
				CLANG_WARN_SUSPICIOUS_MOVE = YES;
				CLANG_WARN_UNGUARDED_AVAILABILITY = YES_AGGRESSIVE;
				CLANG_WARN_UNREACHABLE_CODE = YES;
				CLANG_WARN__DUPLICATE_METHOD_MATCH = YES;
				COPY_PHASE_STRIP = NO;
				DEBUG_INFORMATION_FORMAT = dwarf;
				ENABLE_STRICT_OBJC_MSGSEND = YES;
				ENABLE_TESTABILITY = YES;
				ENABLE_USER_SCRIPT_SANDBOXING = YES;
				GCC_C_LANGUAGE_STANDARD = gnu17;
				GCC_DYNAMIC_NO_PIC = NO;
				GCC_NO_COMMON_BLOCKS = YES;
				GCC_OPTIMIZATION_LEVEL = 0;
				GCC_PREPROCESSOR_DEFINITIONS = (
					"DEBUG=1",
					"$(inherited)",
				);
				GCC_WARN_64_TO_32_BIT_CONVERSION = YES;
				GCC_WARN_ABOUT_RETURN_TYPE = YES_ERROR;
				GCC_WARN_UNDECLARED_SELECTOR = YES;
				GCC_WARN_UNINITIALIZED_AUTOS = YES_AGGRESSIVE;
				GCC_WARN_UNUSED_FUNCTION = YES;
				GCC_WARN_UNUSED_VARIABLE = YES;
				IPHONEOS_DEPLOYMENT_TARGET = 16.0;
				MTL_ENABLE_DEBUG_INFO = INCLUDE_SOURCE;
				MTL_FAST_MATH = YES;
				ONLY_ACTIVE_ARCH = YES;
				SDKROOT = iphoneos;
				SWIFT_ACTIVE_COMPILATION_CONDITIONS = DEBUG;
				SWIFT_OPTIMIZATION_LEVEL = "-Onone";
			};
			name = Debug;
		};
		100000000000000000000802 /* Release */ = {
			isa = XCBuildConfiguration;
			buildSettings = {
				ALWAYS_SEARCH_USER_PATHS = NO;
				CLANG_ANALYZER_NONNULL = YES;
				CLANG_ANALYZER_NUMBER_OBJECT_CONVERSION = YES_AGGRESSIVE;
				CLANG_CXX_LANGUAGE_STANDARD = "gnu++20";
				CLANG_ENABLE_MODULES = YES;
				CLANG_ENABLE_OBJC_ARC = YES;
				CLANG_ENABLE_OBJC_WEAK = YES;
				CLANG_WARN_BLOCK_CAPTURE_AUTORELEASING = YES;
				CLANG_WARN_BOOL_CONVERSION = YES;
				CLANG_WARN_COMMA = YES;
				CLANG_WARN_CONSTANT_CONVERSION = YES;
				CLANG_WARN_DEPRECATED_OBJC_IMPLEMENTATIONS = YES;
				CLANG_WARN_DIRECT_OBJC_ISA_USAGE = YES_ERROR;
				CLANG_WARN_DOCUMENTATION_COMMENTS = YES;
				CLANG_WARN_EMPTY_BODY = YES;
				CLANG_WARN_ENUM_CONVERSION = YES;
				CLANG_WARN_INFINITE_RECURSION = YES;
				CLANG_WARN_INT_CONVERSION = YES;
				CLANG_WARN_NON_LITERAL_NULL_CONVERSION = YES;
				CLANG_WARN_OBJC_IMPLICIT_RETAIN_SELF = YES;
				CLANG_WARN_OBJC_LITERAL_CONVERSION = YES;
				CLANG_WARN_OBJC_ROOT_CLASS = YES_ERROR;
				CLANG_WARN_QUOTED_INCLUDE_IN_FRAMEWORK_HEADER = YES;
				CLANG_WARN_RANGE_LOOP_ANALYSIS = YES;
				CLANG_WARN_STRICT_PROTOTYPES = YES;
				CLANG_WARN_SUSPICIOUS_MOVE = YES;
				CLANG_WARN_UNGUARDED_AVAILABILITY = YES_AGGRESSIVE;
				CLANG_WARN_UNREACHABLE_CODE = YES;
				CLANG_WARN__DUPLICATE_METHOD_MATCH = YES;
				COPY_PHASE_STRIP = NO;
				DEBUG_INFORMATION_FORMAT = "dwarf-with-dsym";
				ENABLE_NS_ASSERTIONS = NO;
				ENABLE_STRICT_OBJC_MSGSEND = YES;
				ENABLE_USER_SCRIPT_SANDBOXING = YES;
				GCC_C_LANGUAGE_STANDARD = gnu17;
				GCC_NO_COMMON_BLOCKS = YES;
				GCC_WARN_64_TO_32_BIT_CONVERSION = YES;
				GCC_WARN_ABOUT_RETURN_TYPE = YES_ERROR;
				GCC_WARN_UNDECLARED_SELECTOR = YES;
				GCC_WARN_UNINITIALIZED_AUTOS = YES_AGGRESSIVE;
				GCC_WARN_UNUSED_FUNCTION = YES;
				GCC_WARN_UNUSED_VARIABLE = YES;
				IPHONEOS_DEPLOYMENT_TARGET = 16.0;
				MTL_ENABLE_DEBUG_INFO = NO;
				MTL_FAST_MATH = YES;
				SDKROOT = iphoneos;
				SWIFT_COMPILATION_MODE = wholemodule;
				VALIDATE_PRODUCT = YES;
			};
			name = Release;
		};
		100000000000000000000803 /* Debug */ = {
			isa = XCBuildConfiguration;
			buildSettings = {
				ASSETCATALOG_COMPILER_APPICON_NAME = AppIcon;
				ASSETCATALOG_COMPILER_GLOBAL_ACCENT_COLOR_NAME = AccentColor;
				CODE_SIGN_STYLE = Automatic;
				CURRENT_PROJECT_VERSION = 1;
				DEVELOPMENT_ASSET_PATHS = "";
				DEVELOPMENT_TEAM = 6CM5MD58K2;
				ENABLE_PREVIEWS = YES;
				GENERATE_INFOPLIST_FILE = NO;
				INFOPLIST_FILE = Hoply/Info.plist;
				INFOPLIST_KEY_UIApplicationSupportsIndirectInputEvents = YES;
				IPHONEOS_DEPLOYMENT_TARGET = 16.0;
				LD_RUNPATH_SEARCH_PATHS = (
					"$(inherited)",
					"@executable_path/Frameworks",
				);
				MARKETING_VERSION = 0.1.0;
				PRODUCT_BUNDLE_IDENTIFIER = com.chkwon.Hoply;
				PRODUCT_NAME = "$(TARGET_NAME)";
				SUPPORTED_PLATFORMS = "iphoneos iphonesimulator";
				SWIFT_EMIT_LOC_STRINGS = YES;
				SWIFT_VERSION = 5.0;
				TARGETED_DEVICE_FAMILY = "1,2";
			};
			name = Debug;
		};
		100000000000000000000804 /* Release */ = {
			isa = XCBuildConfiguration;
			buildSettings = {
				ASSETCATALOG_COMPILER_APPICON_NAME = AppIcon;
				ASSETCATALOG_COMPILER_GLOBAL_ACCENT_COLOR_NAME = AccentColor;
				CODE_SIGN_STYLE = Automatic;
				CURRENT_PROJECT_VERSION = 1;
				DEVELOPMENT_ASSET_PATHS = "";
				DEVELOPMENT_TEAM = 6CM5MD58K2;
				ENABLE_PREVIEWS = YES;
				GENERATE_INFOPLIST_FILE = NO;
				INFOPLIST_FILE = Hoply/Info.plist;
				INFOPLIST_KEY_UIApplicationSupportsIndirectInputEvents = YES;
				IPHONEOS_DEPLOYMENT_TARGET = 16.0;
				LD_RUNPATH_SEARCH_PATHS = (
					"$(inherited)",
					"@executable_path/Frameworks",
				);
				MARKETING_VERSION = 0.1.0;
				PRODUCT_BUNDLE_IDENTIFIER = com.chkwon.Hoply;
				PRODUCT_NAME = "$(TARGET_NAME)";
				SUPPORTED_PLATFORMS = "iphoneos iphonesimulator";
				SWIFT_EMIT_LOC_STRINGS = YES;
				SWIFT_VERSION = 5.0;
				TARGETED_DEVICE_FAMILY = "1,2";
			};
			name = Release;
		};
		200000000000000000000801 /* Debug */ = {
			isa = XCBuildConfiguration;
			buildSettings = {
				APPLICATION_EXTENSION_API_ONLY = YES;
				CODE_SIGN_STYLE = Automatic;
				CURRENT_PROJECT_VERSION = 1;
				DEVELOPMENT_TEAM = 6CM5MD58K2;
				GENERATE_INFOPLIST_FILE = NO;
				INFOPLIST_FILE = HoplyQuickLook/Info.plist;
				IPHONEOS_DEPLOYMENT_TARGET = 16.0;
				LD_RUNPATH_SEARCH_PATHS = (
					"$(inherited)",
					"@executable_path/Frameworks",
					"@executable_path/../../Frameworks",
				);
				MARKETING_VERSION = 0.1.0;
				PRODUCT_BUNDLE_IDENTIFIER = com.chkwon.Hoply.QuickLook;
				PRODUCT_MODULE_NAME = HoplyQuickLook;
				PRODUCT_NAME = "$(TARGET_NAME)";
				SKIP_INSTALL = YES;
				SUPPORTED_PLATFORMS = "iphoneos iphonesimulator";
				SWIFT_EMIT_LOC_STRINGS = YES;
				SWIFT_VERSION = 5.0;
				TARGETED_DEVICE_FAMILY = "1,2";
			};
			name = Debug;
		};
		200000000000000000000802 /* Release */ = {
			isa = XCBuildConfiguration;
			buildSettings = {
				APPLICATION_EXTENSION_API_ONLY = YES;
				CODE_SIGN_STYLE = Automatic;
				CURRENT_PROJECT_VERSION = 1;
				DEVELOPMENT_TEAM = 6CM5MD58K2;
				GENERATE_INFOPLIST_FILE = NO;
				INFOPLIST_FILE = HoplyQuickLook/Info.plist;
				IPHONEOS_DEPLOYMENT_TARGET = 16.0;
				LD_RUNPATH_SEARCH_PATHS = (
					"$(inherited)",
					"@executable_path/Frameworks",
					"@executable_path/../../Frameworks",
				);
				MARKETING_VERSION = 0.1.0;
				PRODUCT_BUNDLE_IDENTIFIER = com.chkwon.Hoply.QuickLook;
				PRODUCT_MODULE_NAME = HoplyQuickLook;
				PRODUCT_NAME = "$(TARGET_NAME)";
				SKIP_INSTALL = YES;
				SUPPORTED_PLATFORMS = "iphoneos iphonesimulator";
				SWIFT_EMIT_LOC_STRINGS = YES;
				SWIFT_VERSION = 5.0;
				TARGETED_DEVICE_FAMILY = "1,2";
			};
			name = Release;
		};
/* End XCBuildConfiguration section */

/* Begin XCConfigurationList section */
		100000000000000000000700 /* Build configuration list for PBXProject "Hoply" */ = {
			isa = XCConfigurationList;
			buildConfigurations = (
				100000000000000000000801 /* Debug */,
				100000000000000000000802 /* Release */,
			);
			defaultConfigurationIsVisible = 0;
			defaultConfigurationName = Release;
		};
		100000000000000000000701 /* Build configuration list for PBXNativeTarget "Hoply" */ = {
			isa = XCConfigurationList;
			buildConfigurations = (
				100000000000000000000803 /* Debug */,
				100000000000000000000804 /* Release */,
			);
			defaultConfigurationIsVisible = 0;
			defaultConfigurationName = Release;
		};
		200000000000000000000701 /* Build configuration list for PBXNativeTarget "HoplyQuickLook" */ = {
			isa = XCConfigurationList;
			buildConfigurations = (
				200000000000000000000801 /* Debug */,
				200000000000000000000802 /* Release */,
			);
			defaultConfigurationIsVisible = 0;
			defaultConfigurationName = Release;
		};
/* End XCConfigurationList section */
	};
	rootObject = 100000000000000000000601 /* Project object */;
}
